<?xml version="1.0" encoding="utf-8"?>
<Project ToolsVersion="4.0" xmlns="http://schemas.microsoft.com/developer/msbuild/2003">
  <ItemGroup>
    <ClCompile Include="main.cpp" />
    <ClCompile Include="parallax.cpp">
      <Filter>pantallas</Filter>
    </ClCompile>
    <ClCompile Include="player.cpp">
      <Filter>entities\player</Filter>
    </ClCompile>
    <ClCompile Include="enemy.cpp">
      <Filter>entities\enemy</Filter>
    </ClCompile>
    <ClCompile Include="definitions.cpp">
      <Filter>definitions</Filter>
    </ClCompile>
    <ClCompile Include="game.cpp">
      <Filter>game</Filter>
    </ClCompile>
    <ClCompile Include="mainMenu.cpp">
      <Filter>pantallas</Filter>
    </ClCompile>
  </ItemGroup>
  <ItemGroup>
    <Filter Include="pantallas">
      <UniqueIdentifier>{7a28e264-f413-44ec-9157-e533fa9c0a18}</UniqueIdentifier>
    </Filter>
    <Filter Include="entities">
      <UniqueIdentifier>{e99eb61f-2ca5-424e-af29-42064803319e}</UniqueIdentifier>
    </Filter>
    <Filter Include="entities\player">
      <UniqueIdentifier>{74c9c697-2a5e-43bb-9a65-ec4fcc11ec1a}</UniqueIdentifier>
    </Filter>
    <Filter Include="entities\enemy">
      <UniqueIdentifier>{bb008169-9d0c-438e-bb1f-83428ff6dd6e}</UniqueIdentifier>
    </Filter>
    <Filter Include="definitions">
      <UniqueIdentifier>{d1c92692-b21e-4525-aad3-79599336afd0}</UniqueIdentifier>
    </Filter>
    <Filter Include="game">
      <UniqueIdentifier>{77f4f33e-0677-483d-bc3f-617daf2ba0e0}</UniqueIdentifier>
    </Filter>
  </ItemGroup>
  <ItemGroup>
    <ClInclude Include="parallax.h">
      <Filter>pantallas</Filter>
    </ClInclude>
    <ClInclude Include="player.h">
      <Filter>entities\player</Filter>
    </ClInclude>
    <ClInclude Include="enemy.h">
      <Filter>entities\enemy</Filter>
    </ClInclude>
    <ClInclude Include="definitions.h">
      <Filter>definitions</Filter>
    </ClInclude>
    <ClInclude Include="game.h">
      <Filter>game</Filter>
    </ClInclude>
    <ClInclude Include="mainMenu.h">
      <Filter>pantallas</Filter>
    </ClInclude>
  </ItemGroup>
</Project>