<?xml version="1.0" encoding="utf-8"?>
<Project ToolsVersion="4.0" xmlns="http://schemas.microsoft.com/developer/msbuild/2003">
  <ItemGroup>
    <Filter Include="pantallas">
      <UniqueIdentifier>{7a28e264-f413-44ec-9157-e533fa9c0a18}</UniqueIdentifier>
    </Filter>
    <Filter Include="entities">
      <UniqueIdentifier>{e99eb61f-2ca5-424e-af29-42064803319e}</UniqueIdentifier>
    </Filter>
    <Filter Include="entities\player">
      <UniqueIdentifier>{74c9c697-2a5e-43bb-9a65-ec4fcc11ec1a}</UniqueIdentifier>
    </Filter>
    <Filter Include="entities\enemy">
      <UniqueIdentifier>{bb008169-9d0c-438e-bb1f-83428ff6dd6e}</UniqueIdentifier>
    </Filter>
    <Filter Include="definitions">
      <UniqueIdentifier>{d1c92692-b21e-4525-aad3-79599336afd0}</UniqueIdentifier>
    </Filter>
    <Filter Include="game">
      <UniqueIdentifier>{77f4f33e-0677-483d-bc3f-617daf2ba0e0}</UniqueIdentifier>
    </Filter>
  </ItemGroup>
  <ItemGroup>
    <ClCompile Include="..\src\main.cpp" />
    <ClCompile Include="..\src\pantallas\credits.cpp">
      <Filter>pantallas</Filter>
    </ClCompile>
    <ClCompile Include="..\src\pantallas\mainMenu.cpp">
      <Filter>pantallas</Filter>
    </ClCompile>
    <ClCompile Include="..\src\pantallas\parallax.cpp">
      <Filter>pantallas</Filter>
    </ClCompile>
    <ClCompile Include="..\src\game\game.cpp">
      <Filter>game</Filter>
    </ClCompile>
    <ClCompile Include="..\src\game\platforms.cpp">
      <Filter>game</Filter>
    </ClCompile>
    <ClCompile Include="..\src\entities\player\player.cpp">
      <Filter>entities\player</Filter>
    </ClCompile>
    <ClCompile Include="..\src\entities\enemies\enemy.cpp">
      <Filter>entities\enemy</Filter>
    </ClCompile>
    <ClCompile Include="..\src\definitions\definitions.cpp">
      <Filter>definitions</Filter>
    </ClCompile>
  </ItemGroup>
  <ItemGroup>
    <ClInclude Include="..\src\pantallas\credits.h">
      <Filter>pantallas</Filter>
    </ClInclude>
    <ClInclude Include="..\src\pantallas\mainMenu.h">
      <Filter>pantallas</Filter>
    </ClInclude>
    <ClInclude Include="..\src\pantallas\parallax.h">
      <Filter>pantallas</Filter>
    </ClInclude>
    <ClInclude Include="..\src\game\game.h">
      <Filter>game</Filter>
    </ClInclude>
    <ClInclude Include="..\src\game\platforms.h">
      <Filter>game</Filter>
    </ClInclude>
    <ClInclude Include="..\src\entities\player\player.h">
      <Filter>entities\player</Filter>
    </ClInclude>
    <ClInclude Include="..\src\entities\enemies\enemy.h">
      <Filter>entities\enemy</Filter>
    </ClInclude>
    <ClInclude Include="..\src\definitions\definitions.h">
      <Filter>definitions</Filter>
    </ClInclude>
  </ItemGroup>
</Project>